
Microsoft Visual Studio Solution File, Format Version 12.00
# Visual Studio Version 16
VisualStudioVersion = 16.0.31624.102
MinimumVisualStudioVersion = 10.0.40219.1
Project("{FAE04EC0-301F-11D3-BF4B-00C04F79EFBC}") = "SocialsApp", "SocialsApp\SocialsApp.csproj", "{381F7D13-9E29-4457-806D-B677C3AB2AD6}"
EndProject
Global
	GlobalSection(SolutionConfigurationPlatforms) = preSolution
		Debug|Any CPU = Debug|Any CPU
		Release|Any CPU = Release|Any CPU
	EndGlobalSection
	GlobalSection(ProjectConfigurationPlatforms) = postSolution
		{381F7D13-9E29-4457-806D-B677C3AB2AD6}.Debug|Any CPU.ActiveCfg = Debug|Any CPU
		{381F7D13-9E29-4457-806D-B677C3AB2AD6}.Debug|Any CPU.Build.0 = Debug|Any CPU
		{381F7D13-9E29-4457-806D-B677C3AB2AD6}.Release|Any CPU.ActiveCfg = Release|Any CPU
		{381F7D13-9E29-4457-806D-B677C3AB2AD6}.Release|Any CPU.Build.0 = Release|Any CPU
	EndGlobalSection
	GlobalSection(SolutionProperties) = preSolution
		HideSolutionNode = FALSE
	EndGlobalSection
	GlobalSection(ExtensibilityGlobals) = postSolution
		SolutionGuid = {7CF9CC3F-54F5-4418-BD50-AFA8C9CC708F}
	EndGlobalSection
EndGlobal
